Microsoft Visual Studio Solution File, Format Version 11.00
# Visual Studio 2008

Project("{F3681567-63AB-5BB4-416B-F93BA408D158}") = "NGUI270_Alive", "Assembly-CSharp.csproj", "{A2BCA586-EB76-4467-B54F-1662C69D1AB5}"
EndProject
Project("{F3681567-63AB-5BB4-416B-F93BA408D158}") = "NGUI270_Alive", "Assembly-CSharp-Editor.csproj", "{7D0D95C5-3A23-7D4E-2B9A-8C9BBEAED825}"
EndProject
Global
	GlobalSection(SolutionConfigurationPlatforms) = preSolution
		Debug|Any CPU = Debug|Any CPU
		Release|Any CPU = Release|Any CPU
	EndGlobalSection
	GlobalSection(ProjectConfigurationPlatforms) = postSolution
		{A2BCA586-EB76-4467-B54F-1662C69D1AB5}.Debug|Any CPU.ActiveCfg = Debug|Any CPU
		{A2BCA586-EB76-4467-B54F-1662C69D1AB5}.Debug|Any CPU.Build.0 = Debug|Any CPU
		{A2BCA586-EB76-4467-B54F-1662C69D1AB5}.Release|Any CPU.ActiveCfg = Release|Any CPU
		{A2BCA586-EB76-4467-B54F-1662C69D1AB5}.Release|Any CPU.Build.0 = Release|Any CPU
		{7D0D95C5-3A23-7D4E-2B9A-8C9BBEAED825}.Debug|Any CPU.ActiveCfg = Debug|Any CPU
		{7D0D95C5-3A23-7D4E-2B9A-8C9BBEAED825}.Debug|Any CPU.Build.0 = Debug|Any CPU
		{7D0D95C5-3A23-7D4E-2B9A-8C9BBEAED825}.Release|Any CPU.ActiveCfg = Release|Any CPU
		{7D0D95C5-3A23-7D4E-2B9A-8C9BBEAED825}.Release|Any CPU.Build.0 = Release|Any CPU
	EndGlobalSection
	GlobalSection(SolutionProperties) = preSolution
		HideSolutionNode = FALSE
	EndGlobalSection
	GlobalSection(MonoDevelopProperties) = preSolution
		StartupItem = Assembly-CSharp.csproj
		Policies = $0
		$0.TextStylePolicy = $1
		$1.inheritsSet = null
		$1.scope = text/x-csharp
		$0.CSharpFormattingPolicy = $2
		$2.inheritsSet = Mono
		$2.inheritsScope = text/x-csharp
		$2.scope = text/x-csharp
		$0.TextStylePolicy = $3
		$3.FileWidth = 120
		$3.TabWidth = 4
		$3.EolMarker = Unix
		$3.inheritsSet = Mono
		$3.inheritsScope = text/plain
		$3.scope = text/plain
	EndGlobalSection
EndGlobal
